// !$*UTF8*$!
{
	archiveVersion = 1;
	classes = {
	};
	objectVersion = 46;
	objects = {

/* Begin PBXBuildFile section */
		17280A981C3333B000553E11 /* TableViewController.swift in Sources */ = {isa = PBXBuildFile; fileRef = 17280A971C3333B000553E11 /* TableViewController.swift */; };
		17280A9A1C3338B200553E11 /* DummyTableViewCell.swift in Sources */ = {isa = PBXBuildFile; fileRef = 17280A991C3338B200553E11 /* DummyTableViewCell.swift */; };
		17280A9C1C33FA9400553E11 /* CollectionViewController.swift in Sources */ = {isa = PBXBuildFile; fileRef = 17280A9B1C33FA9400553E11 /* CollectionViewController.swift */; };
		175CC30F1C32B8840059CD33 /* Main.storyboard in Resources */ = {isa = PBXBuildFile; fileRef = 175CC30D1C32B8840059CD33 /* Main.storyboard */; };
		175CC3111C32B8840059CD33 /* Assets.xcassets in Resources */ = {isa = PBXBuildFile; fileRef = 175CC3101C32B8840059CD33 /* Assets.xcassets */; };
		175CC3141C32B8840059CD33 /* LaunchScreen.storyboard in Resources */ = {isa = PBXBuildFile; fileRef = 175CC3121C32B8840059CD33 /* LaunchScreen.storyboard */; };
		175CC31F1C32B8840059CD33 /* MangoTests.swift in Sources */ = {isa = PBXBuildFile; fileRef = 175CC31E1C32B8840059CD33 /* MangoTests.swift */; };
		175CC32A1C32B8840059CD33 /* MangoUITests.swift in Sources */ = {isa = PBXBuildFile; fileRef = 175CC3291C32B8840059CD33 /* MangoUITests.swift */; };
		175CC3441C32BA290059CD33 /* AppDelegate.swift in Sources */ = {isa = PBXBuildFile; fileRef = 175CC3431C32BA290059CD33 /* AppDelegate.swift */; };
		175CC3481C32BA6A0059CD33 /* DummyView.swift in Sources */ = {isa = PBXBuildFile; fileRef = 175CC3471C32BA6A0059CD33 /* DummyView.swift */; };
/* End PBXBuildFile section */

/* Begin PBXContainerItemProxy section */
		175CC31B1C32B8840059CD33 /* PBXContainerItemProxy */ = {
			isa = PBXContainerItemProxy;
			containerPortal = 175CC2FE1C32B8840059CD33 /* Project object */;
			proxyType = 1;
			remoteGlobalIDString = 175CC3051C32B8840059CD33;
			remoteInfo = Mango;
		};
		175CC3261C32B8840059CD33 /* PBXContainerItemProxy */ = {
			isa = PBXContainerItemProxy;
			containerPortal = 175CC2FE1C32B8840059CD33 /* Project object */;
			proxyType = 1;
			remoteGlobalIDString = 175CC3051C32B8840059CD33;
			remoteInfo = Mango;
		};
/* End PBXContainerItemProxy section */

/* Begin PBXFileReference section */
		17280A971C3333B000553E11 /* TableViewController.swift */ = {isa = PBXFileReference; fileEncoding = 4; lastKnownFileType = sourcecode.swift; name = TableViewController.swift; path = Classes/View/TableViewController.swift; sourceTree = "<group>"; };
		17280A991C3338B200553E11 /* DummyTableViewCell.swift */ = {isa = PBXFileReference; fileEncoding = 4; lastKnownFileType = sourcecode.swift; name = DummyTableViewCell.swift; path = Classes/DummyTableViewCell.swift; sourceTree = "<group>"; };
		17280A9B1C33FA9400553E11 /* CollectionViewController.swift */ = {isa = PBXFileReference; fileEncoding = 4; lastKnownFileType = sourcecode.swift; name = CollectionViewController.swift; path = Classes/CollectionViewController.swift; sourceTree = "<group>"; };
		175CC3061C32B8840059CD33 /* Mango.app */ = {isa = PBXFileReference; explicitFileType = wrapper.application; includeInIndex = 0; path = Mango.app; sourceTree = BUILT_PRODUCTS_DIR; };
		175CC30E1C32B8840059CD33 /* Base */ = {isa = PBXFileReference; lastKnownFileType = file.storyboard; name = Base; path = Base.lproj/Main.storyboard; sourceTree = "<group>"; };
		175CC3101C32B8840059CD33 /* Assets.xcassets */ = {isa = PBXFileReference; lastKnownFileType = folder.assetcatalog; path = Assets.xcassets; sourceTree = "<group>"; };
		175CC3131C32B8840059CD33 /* Base */ = {isa = PBXFileReference; lastKnownFileType = file.storyboard; name = Base; path = Base.lproj/LaunchScreen.storyboard; sourceTree = "<group>"; };
		175CC3151C32B8840059CD33 /* Info.plist */ = {isa = PBXFileReference; lastKnownFileType = text.plist.xml; path = Info.plist; sourceTree = "<group>"; };
		175CC31A1C32B8840059CD33 /* MangoTests.xctest */ = {isa = PBXFileReference; explicitFileType = wrapper.cfbundle; includeInIndex = 0; path = MangoTests.xctest; sourceTree = BUILT_PRODUCTS_DIR; };
		175CC31E1C32B8840059CD33 /* MangoTests.swift */ = {isa = PBXFileReference; lastKnownFileType = sourcecode.swift; path = MangoTests.swift; sourceTree = "<group>"; };
		175CC3201C32B8840059CD33 /* Info.plist */ = {isa = PBXFileReference; lastKnownFileType = text.plist.xml; path = Info.plist; sourceTree = "<group>"; };
		175CC3251C32B8840059CD33 /* MangoUITests.xctest */ = {isa = PBXFileReference; explicitFileType = wrapper.cfbundle; includeInIndex = 0; path = MangoUITests.xctest; sourceTree = BUILT_PRODUCTS_DIR; };
		175CC3291C32B8840059CD33 /* MangoUITests.swift */ = {isa = PBXFileReference; lastKnownFileType = sourcecode.swift; path = MangoUITests.swift; sourceTree = "<group>"; };
		175CC32B1C32B8840059CD33 /* Info.plist */ = {isa = PBXFileReference; lastKnownFileType = text.plist.xml; path = Info.plist; sourceTree = "<group>"; };
		175CC3431C32BA290059CD33 /* AppDelegate.swift */ = {isa = PBXFileReference; fileEncoding = 4; lastKnownFileType = sourcecode.swift; name = AppDelegate.swift; path = Classes/AppDelegate.swift; sourceTree = "<group>"; };
		175CC3471C32BA6A0059CD33 /* DummyView.swift */ = {isa = PBXFileReference; fileEncoding = 4; lastKnownFileType = sourcecode.swift; name = DummyView.swift; path = Classes/View/DummyView.swift; sourceTree = "<group>"; };
/* End PBXFileReference section */

/* Begin PBXFrameworksBuildPhase section */
		175CC3031C32B8840059CD33 /* Frameworks */ = {
			isa = PBXFrameworksBuildPhase;
			buildActionMask = 2147483647;
			files = (
			);
			runOnlyForDeploymentPostprocessing = 0;
		};
		175CC3171C32B8840059CD33 /* Frameworks */ = {
			isa = PBXFrameworksBuildPhase;
			buildActionMask = 2147483647;
			files = (
			);
			runOnlyForDeploymentPostprocessing = 0;
		};
		175CC3221C32B8840059CD33 /* Frameworks */ = {
			isa = PBXFrameworksBuildPhase;
			buildActionMask = 2147483647;
			files = (
			);
			runOnlyForDeploymentPostprocessing = 0;
		};
/* End PBXFrameworksBuildPhase section */

/* Begin PBXGroup section */
		175CC2FD1C32B8840059CD33 = {
			isa = PBXGroup;
			children = (
				175CC3081C32B8840059CD33 /* Mango */,
				175CC31D1C32B8840059CD33 /* MangoTests */,
				175CC3281C32B8840059CD33 /* MangoUITests */,
				175CC3071C32B8840059CD33 /* Products */,
			);
			sourceTree = "<group>";
		};
		175CC3071C32B8840059CD33 /* Products */ = {
			isa = PBXGroup;
			children = (
				175CC3061C32B8840059CD33 /* Mango.app */,
				175CC31A1C32B8840059CD33 /* MangoTests.xctest */,
				175CC3251C32B8840059CD33 /* MangoUITests.xctest */,
			);
			name = Products;
			sourceTree = "<group>";
		};
		175CC3081C32B8840059CD33 /* Mango */ = {
			isa = PBXGroup;
			children = (
				175CC33E1C32B9FC0059CD33 /* Classes */,
				175CC30D1C32B8840059CD33 /* Main.storyboard */,
				175CC3101C32B8840059CD33 /* Assets.xcassets */,
				175CC3121C32B8840059CD33 /* LaunchScreen.storyboard */,
				175CC3151C32B8840059CD33 /* Info.plist */,
			);
			path = Mango;
			sourceTree = "<group>";
		};
		175CC31D1C32B8840059CD33 /* MangoTests */ = {
			isa = PBXGroup;
			children = (
				175CC31E1C32B8840059CD33 /* MangoTests.swift */,
				175CC3201C32B8840059CD33 /* Info.plist */,
			);
			path = MangoTests;
			sourceTree = "<group>";
		};
		175CC3281C32B8840059CD33 /* MangoUITests */ = {
			isa = PBXGroup;
			children = (
				175CC3291C32B8840059CD33 /* MangoUITests.swift */,
				175CC32B1C32B8840059CD33 /* Info.plist */,
			);
			path = MangoUITests;
			sourceTree = "<group>";
		};
		175CC33E1C32B9FC0059CD33 /* Classes */ = {
			isa = PBXGroup;
			children = (
				175CC3431C32BA290059CD33 /* AppDelegate.swift */,
				17280A971C3333B000553E11 /* TableViewController.swift */,
				17280A9B1C33FA9400553E11 /* CollectionViewController.swift */,
				175CC3401C32BA130059CD33 /* View */,
				175CC33F1C32BA090059CD33 /* Model */,
			);
			name = Classes;
			sourceTree = "<group>";
		};
		175CC33F1C32BA090059CD33 /* Model */ = {
			isa = PBXGroup;
			children = (
				175CC3471C32BA6A0059CD33 /* DummyView.swift */,
				17280A991C3338B200553E11 /* DummyTableViewCell.swift */,
			);
			name = Model;
			sourceTree = "<group>";
		};
		175CC3401C32BA130059CD33 /* View */ = {
			isa = PBXGroup;
			children = (
			);
			name = View;
			sourceTree = "<group>";
		};
/* End PBXGroup section */

/* Begin PBXNativeTarget section */
		175CC3051C32B8840059CD33 /* Mango */ = {
			isa = PBXNativeTarget;
			buildConfigurationList = 175CC32E1C32B8840059CD33 /* Build configuration list for PBXNativeTarget "Mango" */;
			buildPhases = (
				175CC3021C32B8840059CD33 /* Sources */,
				175CC3031C32B8840059CD33 /* Frameworks */,
				175CC3041C32B8840059CD33 /* Resources */,
			);
			buildRules = (
			);
			dependencies = (
			);
			name = Mango;
			productName = Mango;
			productReference = 175CC3061C32B8840059CD33 /* Mango.app */;
			productType = "com.apple.product-type.application";
		};
		175CC3191C32B8840059CD33 /* MangoTests */ = {
			isa = PBXNativeTarget;
			buildConfigurationList = 175CC3311C32B8840059CD33 /* Build configuration list for PBXNativeTarget "MangoTests" */;
			buildPhases = (
				175CC3161C32B8840059CD33 /* Sources */,
				175CC3171C32B8840059CD33 /* Frameworks */,
				175CC3181C32B8840059CD33 /* Resources */,
			);
			buildRules = (
			);
			dependencies = (
				175CC31C1C32B8840059CD33 /* PBXTargetDependency */,
			);
			name = MangoTests;
			productName = MangoTests;
			productReference = 175CC31A1C32B8840059CD33 /* MangoTests.xctest */;
			productType = "com.apple.product-type.bundle.unit-test";
		};
		175CC3241C32B8840059CD33 /* MangoUITests */ = {
			isa = PBXNativeTarget;
			buildConfigurationList = 175CC3341C32B8840059CD33 /* Build configuration list for PBXNativeTarget "MangoUITests" */;
			buildPhases = (
				175CC3211C32B8840059CD33 /* Sources */,
				175CC3221C32B8840059CD33 /* Frameworks */,
				175CC3231C32B8840059CD33 /* Resources */,
			);
			buildRules = (
			);
			dependencies = (
				175CC3271C32B8840059CD33 /* PBXTargetDependency */,
			);
			name = MangoUITests;
			productName = MangoUITests;
			productReference = 175CC3251C32B8840059CD33 /* MangoUITests.xctest */;
			productType = "com.apple.product-type.bundle.ui-testing";
		};
/* End PBXNativeTarget section */

/* Begin PBXProject section */
		175CC2FE1C32B8840059CD33 /* Project object */ = {
			isa = PBXProject;
			attributes = {
				LastSwiftUpdateCheck = 0720;
				LastUpgradeCheck = 0720;
				ORGANIZATIONNAME = "Florian Bauer";
				TargetAttributes = {
					175CC3051C32B8840059CD33 = {
						CreatedOnToolsVersion = 7.2;
						DevelopmentTeam = WVXCBD2D4N;
					};
					175CC3191C32B8840059CD33 = {
						CreatedOnToolsVersion = 7.2;
						DevelopmentTeam = WVXCBD2D4N;
						TestTargetID = 175CC3051C32B8840059CD33;
					};
					175CC3241C32B8840059CD33 = {
						CreatedOnToolsVersion = 7.2;
						DevelopmentTeam = WVXCBD2D4N;
						TestTargetID = 175CC3051C32B8840059CD33;
					};
				};
			};
			buildConfigurationList = 175CC3011C32B8840059CD33 /* Build configuration list for PBXProject "Mango" */;
			compatibilityVersion = "Xcode 3.2";
			developmentRegion = English;
			hasScannedForEncodings = 0;
			knownRegions = (
				en,
				Base,
			);
			mainGroup = 175CC2FD1C32B8840059CD33;
			productRefGroup = 175CC3071C32B8840059CD33 /* Products */;
			projectDirPath = "";
			projectRoot = "";
			targets = (
				175CC3051C32B8840059CD33 /* Mango */,
				175CC3191C32B8840059CD33 /* MangoTests */,
				175CC3241C32B8840059CD33 /* MangoUITests */,
			);
		};
/* End PBXProject section */

/* Begin PBXResourcesBuildPhase section */
		175CC3041C32B8840059CD33 /* Resources */ = {
			isa = PBXResourcesBuildPhase;
			buildActionMask = 2147483647;
			files = (
				175CC3141C32B8840059CD33 /* LaunchScreen.storyboard in Resources */,
				175CC3111C32B8840059CD33 /* Assets.xcassets in Resources */,
				175CC30F1C32B8840059CD33 /* Main.storyboard in Resources */,
			);
			runOnlyForDeploymentPostprocessing = 0;
		};
		175CC3181C32B8840059CD33 /* Resources */ = {
			isa = PBXResourcesBuildPhase;
			buildActionMask = 2147483647;
			files = (
			);
			runOnlyForDeploymentPostprocessing = 0;
		};
		175CC3231C32B8840059CD33 /* Resources */ = {
			isa = PBXResourcesBuildPhase;
			buildActionMask = 2147483647;
			files = (
			);
			runOnlyForDeploymentPostprocessing = 0;
		};
/* End PBXResourcesBuildPhase section */

/* Begin PBXSourcesBuildPhase section */
		175CC3021C32B8840059CD33 /* Sources */ = {
			isa = PBXSourcesBuildPhase;
			buildActionMask = 2147483647;
			files = (
				175CC3441C32BA290059CD33 /* AppDelegate.swift in Sources */,
				17280A9A1C3338B200553E11 /* DummyTableViewCell.swift in Sources */,
				17280A981C3333B000553E11 /* TableViewController.swift in Sources */,
				175CC3481C32BA6A0059CD33 /* DummyView.swift in Sources */,
				17280A9C1C33FA9400553E11 /* CollectionViewController.swift in Sources */,
			);
			runOnlyForDeploymentPostprocessing = 0;
		};
		175CC3161C32B8840059CD33 /* Sources */ = {
			isa = PBXSourcesBuildPhase;
			buildActionMask = 2147483647;
			files = (
				175CC31F1C32B8840059CD33 /* MangoTests.swift in Sources */,
			);
			runOnlyForDeploymentPostprocessing = 0;
		};
		175CC3211C32B8840059CD33 /* Sources */ = {
			isa = PBXSourcesBuildPhase;
			buildActionMask = 2147483647;
			files = (
				175CC32A1C32B8840059CD33 /* MangoUITests.swift in Sources */,
			);
			runOnlyForDeploymentPostprocessing = 0;
		};
/* End PBXSourcesBuildPhase section */

/* Begin PBXTargetDependency section */
		175CC31C1C32B8840059CD33 /* PBXTargetDependency */ = {
			isa = PBXTargetDependency;
			target = 175CC3051C32B8840059CD33 /* Mango */;
			targetProxy = 175CC31B1C32B8840059CD33 /* PBXContainerItemProxy */;
		};
		175CC3271C32B8840059CD33 /* PBXTargetDependency */ = {
			isa = PBXTargetDependency;
			target = 175CC3051C32B8840059CD33 /* Mango */;
			targetProxy = 175CC3261C32B8840059CD33 /* PBXContainerItemProxy */;
		};
/* End PBXTargetDependency section */

/* Begin PBXVariantGroup section */
		175CC30D1C32B8840059CD33 /* Main.storyboard */ = {
			isa = PBXVariantGroup;
			children = (
				175CC30E1C32B8840059CD33 /* Base */,
			);
			name = Main.storyboard;
			sourceTree = "<group>";
		};
		175CC3121C32B8840059CD33 /* LaunchScreen.storyboard */ = {
			isa = PBXVariantGroup;
			children = (
				175CC3131C32B8840059CD33 /* Base */,
			);
			name = LaunchScreen.storyboard;
			sourceTree = "<group>";
		};
/* End PBXVariantGroup section */

/* Begin XCBuildConfiguration section */
		175CC32C1C32B8840059CD33 /* Debug */ = {
			isa = XCBuildConfiguration;
			buildSettings = {
				ALWAYS_SEARCH_USER_PATHS = NO;
				CLANG_CXX_LANGUAGE_STANDARD = "gnu++0x";
				CLANG_CXX_LIBRARY = "libc++";
				CLANG_ENABLE_MODULES = YES;
				CLANG_ENABLE_OBJC_ARC = YES;
				CLANG_WARN_BOOL_CONVERSION = YES;
				CLANG_WARN_CONSTANT_CONVERSION = YES;
				CLANG_WARN_DIRECT_OBJC_ISA_USAGE = YES_ERROR;
				CLANG_WARN_EMPTY_BODY = YES;
				CLANG_WARN_ENUM_CONVERSION = YES;
				CLANG_WARN_INT_CONVERSION = YES;
				CLANG_WARN_OBJC_ROOT_CLASS = YES_ERROR;
				CLANG_WARN_UNREACHABLE_CODE = YES;
				CLANG_WARN__DUPLICATE_METHOD_MATCH = YES;
				"CODE_SIGN_IDENTITY[sdk=iphoneos*]" = "iPhone Developer";
				COPY_PHASE_STRIP = NO;
				DEBUG_INFORMATION_FORMAT = dwarf;
				ENABLE_STRICT_OBJC_MSGSEND = YES;
				ENABLE_TESTABILITY = YES;
				GCC_C_LANGUAGE_STANDARD = gnu99;
				GCC_DYNAMIC_NO_PIC = NO;
				GCC_NO_COMMON_BLOCKS = YES;
				GCC_OPTIMIZATION_LEVEL = 0;
				GCC_PREPROCESSOR_DEFINITIONS = (
					"DEBUG=1",
					"$(inherited)",
				);
				GCC_WARN_64_TO_32_BIT_CONVERSION = YES;
				GCC_WARN_ABOUT_RETURN_TYPE = YES_ERROR;
				GCC_WARN_UNDECLARED_SELECTOR = YES;
				GCC_WARN_UNINITIALIZED_AUTOS = YES_AGGRESSIVE;
				GCC_WARN_UNUSED_FUNCTION = YES;
				GCC_WARN_UNUSED_VARIABLE = YES;
				IPHONEOS_DEPLOYMENT_TARGET = 9.2;
				MTL_ENABLE_DEBUG_INFO = YES;
				ONLY_ACTIVE_ARCH = YES;
				SDKROOT = iphoneos;
				SWIFT_OPTIMIZATION_LEVEL = "-Onone";
			};
			name = Debug;
		};
		175CC32D1C32B8840059CD33 /* Release */ = {
			isa = XCBuildConfiguration;
			buildSettings = {
				ALWAYS_SEARCH_USER_PATHS = NO;
				CLANG_CXX_LANGUAGE_STANDARD = "gnu++0x";
				CLANG_CXX_LIBRARY = "libc++";
				CLANG_ENABLE_MODULES = YES;
				CLANG_ENABLE_OBJC_ARC = YES;
				CLANG_WARN_BOOL_CONVERSION = YES;
				CLANG_WARN_CONSTANT_CONVERSION = YES;
				CLANG_WARN_DIRECT_OBJC_ISA_USAGE = YES_ERROR;
				CLANG_WARN_EMPTY_BODY = YES;
				CLANG_WARN_ENUM_CONVERSION = YES;
				CLANG_WARN_INT_CONVERSION = YES;
				CLANG_WARN_OBJC_ROOT_CLASS = YES_ERROR;
				CLANG_WARN_UNREACHABLE_CODE = YES;
				CLANG_WARN__DUPLICATE_METHOD_MATCH = YES;
				"CODE_SIGN_IDENTITY[sdk=iphoneos*]" = "iPhone Developer";
				COPY_PHASE_STRIP = NO;
				DEBUG_INFORMATION_FORMAT = "dwarf-with-dsym";
				ENABLE_NS_ASSERTIONS = NO;
				ENABLE_STRICT_OBJC_MSGSEND = YES;
				GCC_C_LANGUAGE_STANDARD = gnu99;
				GCC_NO_COMMON_BLOCKS = YES;
				GCC_WARN_64_TO_32_BIT_CONVERSION = YES;
				GCC_WARN_ABOUT_RETURN_TYPE = YES_ERROR;
				GCC_WARN_UNDECLARED_SELECTOR = YES;
				GCC_WARN_UNINITIALIZED_AUTOS = YES_AGGRESSIVE;
				GCC_WARN_UNUSED_FUNCTION = YES;
				GCC_WARN_UNUSED_VARIABLE = YES;
				IPHONEOS_DEPLOYMENT_TARGET = 9.2;
				MTL_ENABLE_DEBUG_INFO = NO;
				SDKROOT = iphoneos;
				VALIDATE_PRODUCT = YES;
			};
			name = Release;
		};
		175CC32F1C32B8840059CD33 /* Debug */ = {
			isa = XCBuildConfiguration;
			buildSettings = {
				ASSETCATALOG_COMPILER_APPICON_NAME = AppIcon;
				CODE_SIGN_IDENTITY = "iPhone Developer";
				"CODE_SIGN_IDENTITY[sdk=iphoneos*]" = "iPhone Developer";
				INFOPLIST_FILE = Mango/Info.plist;
				IPHONEOS_DEPLOYMENT_TARGET = 7.1;
				LD_RUNPATH_SEARCH_PATHS = "$(inherited) @executable_path/Frameworks";
				PRODUCT_BUNDLE_IDENTIFIER = io.github.flbaue.Mango;
				PRODUCT_NAME = "$(TARGET_NAME)";
				PROVISIONING_PROFILE = "";
			};
			name = Debug;
		};
		175CC3301C32B8840059CD33 /* Release */ = {
			isa = XCBuildConfiguration;
			buildSettings = {
				ASSETCATALOG_COMPILER_APPICON_NAME = AppIcon;
				CODE_SIGN_IDENTITY = "iPhone Developer";
				"CODE_SIGN_IDENTITY[sdk=iphoneos*]" = "iPhone Developer";
				INFOPLIST_FILE = Mango/Info.plist;
				IPHONEOS_DEPLOYMENT_TARGET = 7.1;
				LD_RUNPATH_SEARCH_PATHS = "$(inherited) @executable_path/Frameworks";
				PRODUCT_BUNDLE_IDENTIFIER = io.github.flbaue.Mango;
				PRODUCT_NAME = "$(TARGET_NAME)";
				PROVISIONING_PROFILE = "";
			};
			name = Release;
		};
		175CC3321C32B8840059CD33 /* Debug */ = {
			isa = XCBuildConfiguration;
			buildSettings = {
				BUNDLE_LOADER = "$(TEST_HOST)";
				INFOPLIST_FILE = MangoTests/Info.plist;
				LD_RUNPATH_SEARCH_PATHS = "$(inherited) @executable_path/Frameworks @loader_path/Frameworks";
				PRODUCT_BUNDLE_IDENTIFIER = io.github.flbaue.MangoTests;
				PRODUCT_NAME = "$(TARGET_NAME)";
				TEST_HOST = "$(BUILT_PRODUCTS_DIR)/Mango.app/Mango";
			};
			name = Debug;
		};
		175CC3331C32B8840059CD33 /* Release */ = {
			isa = XCBuildConfiguration;
			buildSettings = {
				BUNDLE_LOADER = "$(TEST_HOST)";
				INFOPLIST_FILE = MangoTests/Info.plist;
				LD_RUNPATH_SEARCH_PATHS = "$(inherited) @executable_path/Frameworks @loader_path/Frameworks";
				PRODUCT_BUNDLE_IDENTIFIER = io.github.flbaue.MangoTests;
				PRODUCT_NAME = "$(TARGET_NAME)";
				TEST_HOST = "$(BUILT_PRODUCTS_DIR)/Mango.app/Mango";
			};
			name = Release;
		};
		175CC3351C32B8840059CD33 /* Debug */ = {
			isa = XCBuildConfiguration;
			buildSettings = {
				INFOPLIST_FILE = MangoUITests/Info.plist;
				LD_RUNPATH_SEARCH_PATHS = "$(inherited) @executable_path/Frameworks @loader_path/Frameworks";
				PRODUCT_BUNDLE_IDENTIFIER = io.github.flbaue.MangoUITests;
				PRODUCT_NAME = "$(TARGET_NAME)";
				TEST_TARGET_NAME = Mango;
				USES_XCTRUNNER = YES;
			};
			name = Debug;
		};
		175CC3361C32B8840059CD33 /* Release */ = {
			isa = XCBuildConfiguration;
			buildSettings = {
				INFOPLIST_FILE = MangoUITests/Info.plist;
				LD_RUNPATH_SEARCH_PATHS = "$(inherited) @executable_path/Frameworks @loader_path/Frameworks";
				PRODUCT_BUNDLE_IDENTIFIER = io.github.flbaue.MangoUITests;
				PRODUCT_NAME = "$(TARGET_NAME)";
				TEST_TARGET_NAME = Mango;
				USES_XCTRUNNER = YES;
			};
			name = Release;
		};
/* End XCBuildConfiguration section */

/* Begin XCConfigurationList section */
		175CC3011C32B8840059CD33 /* Build configuration list for PBXProject "Mango" */ = {
			isa = XCConfigurationList;
			buildConfigurations = (
				175CC32C1C32B8840059CD33 /* Debug */,
				175CC32D1C32B8840059CD33 /* Release */,
			);
			defaultConfigurationIsVisible = 0;
			defaultConfigurationName = Release;
		};
		175CC32E1C32B8840059CD33 /* Build configuration list for PBXNativeTarget "Mango" */ = {
			isa = XCConfigurationList;
			buildConfigurations = (
				175CC32F1C32B8840059CD33 /* Debug */,
				175CC3301C32B8840059CD33 /* Release */,
			);
			defaultConfigurationIsVisible = 0;
			defaultConfigurationName = Release;
		};
		175CC3311C32B8840059CD33 /* Build configuration list for PBXNativeTarget "MangoTests" */ = {
			isa = XCConfigurationList;
			buildConfigurations = (
				175CC3321C32B8840059CD33 /* Debug */,
				175CC3331C32B8840059CD33 /* Release */,
			);
			defaultConfigurationIsVisible = 0;
			defaultConfigurationName = Release;
		};
		175CC3341C32B8840059CD33 /* Build configuration list for PBXNativeTarget "MangoUITests" */ = {
			isa = XCConfigurationList;
			buildConfigurations = (
				175CC3351C32B8840059CD33 /* Debug */,
				175CC3361C32B8840059CD33 /* Release */,
			);
			defaultConfigurationIsVisible = 0;
			defaultConfigurationName = Release;
		};
/* End XCConfigurationList section */
	};
	rootObject = 175CC2FE1C32B8840059CD33 /* Project object */;
}
